
Microsoft Visual Studio Solution File, Format Version 12.00
Project("{FAE04EC0-301F-11D3-BF4B-00C04F79EFBC}") = "FilteringCustomerApplications", "FilteringCustomerApplications\FilteringCustomerApplications.csproj", "{305C2F27-0AC4-4CCD-9DA5-CC48CD934630}"
EndProject
Project("{FAE04EC0-301F-11D3-BF4B-00C04F79EFBC}") = "FilteringTests", "FilteringTests\FilteringTests.csproj", "{247B161E-8A99-436D-9225-4F9EE22175C0}"
EndProject
Global
	GlobalSection(SolutionConfigurationPlatforms) = preSolution
		Debug|Any CPU = Debug|Any CPU
		Release|Any CPU = Release|Any CPU
	EndGlobalSection
	GlobalSection(ProjectConfigurationPlatforms) = postSolution
		{305C2F27-0AC4-4CCD-9DA5-CC48CD934630}.Debug|Any CPU.ActiveCfg = Debug|Any CPU
		{305C2F27-0AC4-4CCD-9DA5-CC48CD934630}.Debug|Any CPU.Build.0 = Debug|Any CPU
		{305C2F27-0AC4-4CCD-9DA5-CC48CD934630}.Release|Any CPU.ActiveCfg = Release|Any CPU
		{305C2F27-0AC4-4CCD-9DA5-CC48CD934630}.Release|Any CPU.Build.0 = Release|Any CPU
		{247B161E-8A99-436D-9225-4F9EE22175C0}.Debug|Any CPU.ActiveCfg = Debug|Any CPU
		{247B161E-8A99-436D-9225-4F9EE22175C0}.Debug|Any CPU.Build.0 = Debug|Any CPU
		{247B161E-8A99-436D-9225-4F9EE22175C0}.Release|Any CPU.ActiveCfg = Release|Any CPU
		{247B161E-8A99-436D-9225-4F9EE22175C0}.Release|Any CPU.Build.0 = Release|Any CPU
	EndGlobalSection
EndGlobal
